// !$*UTF8*$!
{
	archiveVersion = 1;
	classes = {
	};
	objectVersion = 46;
	objects = {

/* Begin PBXBuildFile section */
		53123F98191D25E10012A900 /* TestModel.m in Sources */ = {isa = PBXBuildFile; fileRef = 53123F97191D25E10012A900 /* TestModel.m */; };
		53D163E4191A629C00AD4C81 /* Foundation.framework in Frameworks */ = {isa = PBXBuildFile; fileRef = 53D163E3191A629C00AD4C81 /* Foundation.framework */; };
		53D163E6191A629C00AD4C81 /* CoreGraphics.framework in Frameworks */ = {isa = PBXBuildFile; fileRef = 53D163E5191A629C00AD4C81 /* CoreGraphics.framework */; };
		53D163E8191A629C00AD4C81 /* UIKit.framework in Frameworks */ = {isa = PBXBuildFile; fileRef = 53D163E7191A629C00AD4C81 /* UIKit.framework */; };
		53D163EE191A629C00AD4C81 /* InfoPlist.strings in Resources */ = {isa = PBXBuildFile; fileRef = 53D163EC191A629C00AD4C81 /* InfoPlist.strings */; };
		53D163F0191A629C00AD4C81 /* main.m in Sources */ = {isa = PBXBuildFile; fileRef = 53D163EF191A629C00AD4C81 /* main.m */; };
		53D163F4191A629C00AD4C81 /* AppDelegate.m in Sources */ = {isa = PBXBuildFile; fileRef = 53D163F3191A629C00AD4C81 /* AppDelegate.m */; };
		53D163FD191A629C00AD4C81 /* ViewController.m in Sources */ = {isa = PBXBuildFile; fileRef = 53D163FC191A629C00AD4C81 /* ViewController.m */; };
		53D16406191A629C00AD4C81 /* XCTest.framework in Frameworks */ = {isa = PBXBuildFile; fileRef = 53D16405191A629C00AD4C81 /* XCTest.framework */; };
		53D16407191A629C00AD4C81 /* Foundation.framework in Frameworks */ = {isa = PBXBuildFile; fileRef = 53D163E3191A629C00AD4C81 /* Foundation.framework */; };
		53D16408191A629C00AD4C81 /* UIKit.framework in Frameworks */ = {isa = PBXBuildFile; fileRef = 53D163E7191A629C00AD4C81 /* UIKit.framework */; };
		53D16410191A629C00AD4C81 /* InfoPlist.strings in Resources */ = {isa = PBXBuildFile; fileRef = 53D1640E191A629C00AD4C81 /* InfoPlist.strings */; };
		53D16412191A629C00AD4C81 /* ssnTests.m in Sources */ = {isa = PBXBuildFile; fileRef = 53D16411191A629C00AD4C81 /* ssnTests.m */; };
		53ECB16C191FBB6000BEB29D /* NSString+SSN.m in Sources */ = {isa = PBXBuildFile; fileRef = 53ECB166191FBB6000BEB29D /* NSString+SSN.m */; };
		53ECB16D191FBB6000BEB29D /* SSNMeta.m in Sources */ = {isa = PBXBuildFile; fileRef = 53ECB169191FBB6000BEB29D /* SSNMeta.m */; };
		53ECB16E191FBB6000BEB29D /* SSNModel.m in Sources */ = {isa = PBXBuildFile; fileRef = 53ECB16A191FBB6000BEB29D /* SSNModel.m */; };
/* End PBXBuildFile section */

/* Begin PBXContainerItemProxy section */
		53D16409191A629C00AD4C81 /* PBXContainerItemProxy */ = {
			isa = PBXContainerItemProxy;
			containerPortal = 53D163D8191A629C00AD4C81 /* Project object */;
			proxyType = 1;
			remoteGlobalIDString = 53D163DF191A629C00AD4C81;
			remoteInfo = ssn;
		};
/* End PBXContainerItemProxy section */

/* Begin PBXFileReference section */
		53123F96191D25E10012A900 /* TestModel.h */ = {isa = PBXFileReference; fileEncoding = 4; lastKnownFileType = sourcecode.c.h; path = TestModel.h; sourceTree = "<group>"; };
		53123F97191D25E10012A900 /* TestModel.m */ = {isa = PBXFileReference; fileEncoding = 4; lastKnownFileType = sourcecode.c.objc; path = TestModel.m; sourceTree = "<group>"; };
		53D163E0191A629C00AD4C81 /* ssn.app */ = {isa = PBXFileReference; explicitFileType = wrapper.application; includeInIndex = 0; path = ssn.app; sourceTree = BUILT_PRODUCTS_DIR; };
		53D163E3191A629C00AD4C81 /* Foundation.framework */ = {isa = PBXFileReference; lastKnownFileType = wrapper.framework; name = Foundation.framework; path = System/Library/Frameworks/Foundation.framework; sourceTree = SDKROOT; };
		53D163E5191A629C00AD4C81 /* CoreGraphics.framework */ = {isa = PBXFileReference; lastKnownFileType = wrapper.framework; name = CoreGraphics.framework; path = System/Library/Frameworks/CoreGraphics.framework; sourceTree = SDKROOT; };
		53D163E7191A629C00AD4C81 /* UIKit.framework */ = {isa = PBXFileReference; lastKnownFileType = wrapper.framework; name = UIKit.framework; path = System/Library/Frameworks/UIKit.framework; sourceTree = SDKROOT; };
		53D163EB191A629C00AD4C81 /* ssn-Info.plist */ = {isa = PBXFileReference; lastKnownFileType = text.plist.xml; path = "ssn-Info.plist"; sourceTree = "<group>"; };
		53D163ED191A629C00AD4C81 /* en */ = {isa = PBXFileReference; lastKnownFileType = text.plist.strings; name = en; path = en.lproj/InfoPlist.strings; sourceTree = "<group>"; };
		53D163EF191A629C00AD4C81 /* main.m */ = {isa = PBXFileReference; lastKnownFileType = sourcecode.c.objc; path = main.m; sourceTree = "<group>"; };
		53D163F1191A629C00AD4C81 /* ssn-Prefix.pch */ = {isa = PBXFileReference; lastKnownFileType = sourcecode.c.h; path = "ssn-Prefix.pch"; sourceTree = "<group>"; };
		53D163F2191A629C00AD4C81 /* AppDelegate.h */ = {isa = PBXFileReference; lastKnownFileType = sourcecode.c.h; path = AppDelegate.h; sourceTree = "<group>"; };
		53D163F3191A629C00AD4C81 /* AppDelegate.m */ = {isa = PBXFileReference; lastKnownFileType = sourcecode.c.objc; path = AppDelegate.m; sourceTree = "<group>"; };
		53D163FB191A629C00AD4C81 /* ViewController.h */ = {isa = PBXFileReference; lastKnownFileType = sourcecode.c.h; path = ViewController.h; sourceTree = "<group>"; };
		53D163FC191A629C00AD4C81 /* ViewController.m */ = {isa = PBXFileReference; lastKnownFileType = sourcecode.c.objc; path = ViewController.m; sourceTree = "<group>"; };
		53D16404191A629C00AD4C81 /* ssnTests.xctest */ = {isa = PBXFileReference; explicitFileType = wrapper.cfbundle; includeInIndex = 0; path = ssnTests.xctest; sourceTree = BUILT_PRODUCTS_DIR; };
		53D16405191A629C00AD4C81 /* XCTest.framework */ = {isa = PBXFileReference; lastKnownFileType = wrapper.framework; name = XCTest.framework; path = Library/Frameworks/XCTest.framework; sourceTree = DEVELOPER_DIR; };
		53D1640D191A629C00AD4C81 /* ssnTests-Info.plist */ = {isa = PBXFileReference; lastKnownFileType = text.plist.xml; path = "ssnTests-Info.plist"; sourceTree = "<group>"; };
		53D1640F191A629C00AD4C81 /* en */ = {isa = PBXFileReference; lastKnownFileType = text.plist.strings; name = en; path = en.lproj/InfoPlist.strings; sourceTree = "<group>"; };
		53D16411191A629C00AD4C81 /* ssnTests.m */ = {isa = PBXFileReference; lastKnownFileType = sourcecode.c.objc; path = ssnTests.m; sourceTree = "<group>"; };
		53ECB15E191FBB6000BEB29D /* NSString+SSN.h */ = {isa = PBXFileReference; fileEncoding = 4; lastKnownFileType = sourcecode.c.h; path = "NSString+SSN.h"; sourceTree = "<group>"; };
		53ECB15F191FBB6000BEB29D /* ssnbase.h */ = {isa = PBXFileReference; fileEncoding = 4; lastKnownFileType = sourcecode.c.h; path = ssnbase.h; sourceTree = "<group>"; };
		53ECB161191FBB6000BEB29D /* SSNModel.h */ = {isa = PBXFileReference; fileEncoding = 4; lastKnownFileType = sourcecode.c.h; path = SSNModel.h; sourceTree = "<group>"; };
		53ECB162191FBB6000BEB29D /* ssnmodelimp.h */ = {isa = PBXFileReference; fileEncoding = 4; lastKnownFileType = sourcecode.c.h; path = ssnmodelimp.h; sourceTree = "<group>"; };
		53ECB166191FBB6000BEB29D /* NSString+SSN.m */ = {isa = PBXFileReference; fileEncoding = 4; lastKnownFileType = sourcecode.c.objc; path = "NSString+SSN.m"; sourceTree = "<group>"; };
		53ECB168191FBB6000BEB29D /* SSNMeta.h */ = {isa = PBXFileReference; fileEncoding = 4; lastKnownFileType = sourcecode.c.h; path = SSNMeta.h; sourceTree = "<group>"; };
		53ECB169191FBB6000BEB29D /* SSNMeta.m */ = {isa = PBXFileReference; fileEncoding = 4; lastKnownFileType = sourcecode.c.objc; path = SSNMeta.m; sourceTree = "<group>"; };
		53ECB16A191FBB6000BEB29D /* SSNModel.m */ = {isa = PBXFileReference; fileEncoding = 4; lastKnownFileType = sourcecode.c.objc; path = SSNModel.m; sourceTree = "<group>"; };
/* End PBXFileReference section */

/* Begin PBXFrameworksBuildPhase section */
		53D163DD191A629C00AD4C81 /* Frameworks */ = {
			isa = PBXFrameworksBuildPhase;
			buildActionMask = 2147483647;
			files = (
				53D163E6191A629C00AD4C81 /* CoreGraphics.framework in Frameworks */,
				53D163E8191A629C00AD4C81 /* UIKit.framework in Frameworks */,
				53D163E4191A629C00AD4C81 /* Foundation.framework in Frameworks */,
			);
			runOnlyForDeploymentPostprocessing = 0;
		};
		53D16401191A629C00AD4C81 /* Frameworks */ = {
			isa = PBXFrameworksBuildPhase;
			buildActionMask = 2147483647;
			files = (
				53D16406191A629C00AD4C81 /* XCTest.framework in Frameworks */,
				53D16408191A629C00AD4C81 /* UIKit.framework in Frameworks */,
				53D16407191A629C00AD4C81 /* Foundation.framework in Frameworks */,
			);
			runOnlyForDeploymentPostprocessing = 0;
		};
/* End PBXFrameworksBuildPhase section */

/* Begin PBXGroup section */
		53D163D7191A629C00AD4C81 = {
			isa = PBXGroup;
			children = (
				53D163E9191A629C00AD4C81 /* ssn */,
				53D1640B191A629C00AD4C81 /* ssnTests */,
				53D163E2191A629C00AD4C81 /* Frameworks */,
				53D163E1191A629C00AD4C81 /* Products */,
			);
			sourceTree = "<group>";
		};
		53D163E1191A629C00AD4C81 /* Products */ = {
			isa = PBXGroup;
			children = (
				53D163E0191A629C00AD4C81 /* ssn.app */,
				53D16404191A629C00AD4C81 /* ssnTests.xctest */,
			);
			name = Products;
			sourceTree = "<group>";
		};
		53D163E2191A629C00AD4C81 /* Frameworks */ = {
			isa = PBXGroup;
			children = (
				53D163E3191A629C00AD4C81 /* Foundation.framework */,
				53D163E5191A629C00AD4C81 /* CoreGraphics.framework */,
				53D163E7191A629C00AD4C81 /* UIKit.framework */,
				53D16405191A629C00AD4C81 /* XCTest.framework */,
			);
			name = Frameworks;
			sourceTree = "<group>";
		};
		53D163E9191A629C00AD4C81 /* ssn */ = {
			isa = PBXGroup;
			children = (
				53D1641B191A66B500AD4C81 /* ssn */,
				53D163F2191A629C00AD4C81 /* AppDelegate.h */,
				53D163F3191A629C00AD4C81 /* AppDelegate.m */,
				53D163FB191A629C00AD4C81 /* ViewController.h */,
				53D163FC191A629C00AD4C81 /* ViewController.m */,
				53D163EA191A629C00AD4C81 /* Supporting Files */,
				53123F96191D25E10012A900 /* TestModel.h */,
				53123F97191D25E10012A900 /* TestModel.m */,
			);
			path = ssn;
			sourceTree = "<group>";
		};
		53D163EA191A629C00AD4C81 /* Supporting Files */ = {
			isa = PBXGroup;
			children = (
				53D163EB191A629C00AD4C81 /* ssn-Info.plist */,
				53D163EC191A629C00AD4C81 /* InfoPlist.strings */,
				53D163EF191A629C00AD4C81 /* main.m */,
				53D163F1191A629C00AD4C81 /* ssn-Prefix.pch */,
			);
			name = "Supporting Files";
			sourceTree = "<group>";
		};
		53D1640B191A629C00AD4C81 /* ssnTests */ = {
			isa = PBXGroup;
			children = (
				53D16411191A629C00AD4C81 /* ssnTests.m */,
				53D1640C191A629C00AD4C81 /* Supporting Files */,
			);
			path = ssnTests;
			sourceTree = "<group>";
		};
		53D1640C191A629C00AD4C81 /* Supporting Files */ = {
			isa = PBXGroup;
			children = (
				53D1640D191A629C00AD4C81 /* ssnTests-Info.plist */,
				53D1640E191A629C00AD4C81 /* InfoPlist.strings */,
			);
			name = "Supporting Files";
			sourceTree = "<group>";
		};
		53D1641B191A66B500AD4C81 /* ssn */ = {
			isa = PBXGroup;
			children = (
				53ECB15C191FBB6000BEB29D /* inc */,
				53ECB164191FBB6000BEB29D /* src */,
			);
			path = ssn;
			sourceTree = "<group>";
		};
		53ECB15C191FBB6000BEB29D /* inc */ = {
			isa = PBXGroup;
			children = (
				53ECB15D191FBB6000BEB29D /* base */,
				53ECB160191FBB6000BEB29D /* db */,
				53ECB163191FBB6000BEB29D /* net */,
			);
			path = inc;
			sourceTree = "<group>";
		};
		53ECB15D191FBB6000BEB29D /* base */ = {
			isa = PBXGroup;
			children = (
				53ECB15E191FBB6000BEB29D /* NSString+SSN.h */,
				53ECB15F191FBB6000BEB29D /* ssnbase.h */,
			);
			path = base;
			sourceTree = "<group>";
		};
		53ECB160191FBB6000BEB29D /* db */ = {
			isa = PBXGroup;
			children = (
				53ECB161191FBB6000BEB29D /* SSNModel.h */,
				53ECB162191FBB6000BEB29D /* ssnmodelimp.h */,
			);
			path = db;
			sourceTree = "<group>";
		};
		53ECB163191FBB6000BEB29D /* net */ = {
			isa = PBXGroup;
			children = (
			);
			path = net;
			sourceTree = "<group>";
		};
		53ECB164191FBB6000BEB29D /* src */ = {
			isa = PBXGroup;
			children = (
				53ECB165191FBB6000BEB29D /* base */,
				53ECB167191FBB6000BEB29D /* db */,
				53ECB16B191FBB6000BEB29D /* net */,
			);
			path = src;
			sourceTree = "<group>";
		};
		53ECB165191FBB6000BEB29D /* base */ = {
			isa = PBXGroup;
			children = (
				53ECB166191FBB6000BEB29D /* NSString+SSN.m */,
			);
			path = base;
			sourceTree = "<group>";
		};
		53ECB167191FBB6000BEB29D /* db */ = {
			isa = PBXGroup;
			children = (
				53ECB168191FBB6000BEB29D /* SSNMeta.h */,
				53ECB169191FBB6000BEB29D /* SSNMeta.m */,
				53ECB16A191FBB6000BEB29D /* SSNModel.m */,
			);
			path = db;
			sourceTree = "<group>";
		};
		53ECB16B191FBB6000BEB29D /* net */ = {
			isa = PBXGroup;
			children = (
			);
			path = net;
			sourceTree = "<group>";
		};
/* End PBXGroup section */

/* Begin PBXNativeTarget section */
		53D163DF191A629C00AD4C81 /* ssn */ = {
			isa = PBXNativeTarget;
			buildConfigurationList = 53D16415191A629C00AD4C81 /* Build configuration list for PBXNativeTarget "ssn" */;
			buildPhases = (
				53D163DC191A629C00AD4C81 /* Sources */,
				53D163DD191A629C00AD4C81 /* Frameworks */,
				53D163DE191A629C00AD4C81 /* Resources */,
			);
			buildRules = (
			);
			dependencies = (
			);
			name = ssn;
			productName = ssn;
			productReference = 53D163E0191A629C00AD4C81 /* ssn.app */;
			productType = "com.apple.product-type.application";
		};
		53D16403191A629C00AD4C81 /* ssnTests */ = {
			isa = PBXNativeTarget;
			buildConfigurationList = 53D16418191A629C00AD4C81 /* Build configuration list for PBXNativeTarget "ssnTests" */;
			buildPhases = (
				53D16400191A629C00AD4C81 /* Sources */,
				53D16401191A629C00AD4C81 /* Frameworks */,
				53D16402191A629C00AD4C81 /* Resources */,
			);
			buildRules = (
			);
			dependencies = (
				53D1640A191A629C00AD4C81 /* PBXTargetDependency */,
			);
			name = ssnTests;
			productName = ssnTests;
			productReference = 53D16404191A629C00AD4C81 /* ssnTests.xctest */;
			productType = "com.apple.product-type.bundle.unit-test";
		};
/* End PBXNativeTarget section */

/* Begin PBXProject section */
		53D163D8191A629C00AD4C81 /* Project object */ = {
			isa = PBXProject;
			attributes = {
				LastUpgradeCheck = 0510;
				ORGANIZATIONNAME = lingminjun;
				TargetAttributes = {
					53D16403191A629C00AD4C81 = {
						TestTargetID = 53D163DF191A629C00AD4C81;
					};
				};
			};
			buildConfigurationList = 53D163DB191A629C00AD4C81 /* Build configuration list for PBXProject "ssn" */;
			compatibilityVersion = "Xcode 3.2";
			developmentRegion = English;
			hasScannedForEncodings = 0;
			knownRegions = (
				en,
				Base,
			);
			mainGroup = 53D163D7191A629C00AD4C81;
			productRefGroup = 53D163E1191A629C00AD4C81 /* Products */;
			projectDirPath = "";
			projectRoot = "";
			targets = (
				53D163DF191A629C00AD4C81 /* ssn */,
				53D16403191A629C00AD4C81 /* ssnTests */,
			);
		};
/* End PBXProject section */

/* Begin PBXResourcesBuildPhase section */
		53D163DE191A629C00AD4C81 /* Resources */ = {
			isa = PBXResourcesBuildPhase;
			buildActionMask = 2147483647;
			files = (
				53D163EE191A629C00AD4C81 /* InfoPlist.strings in Resources */,
			);
			runOnlyForDeploymentPostprocessing = 0;
		};
		53D16402191A629C00AD4C81 /* Resources */ = {
			isa = PBXResourcesBuildPhase;
			buildActionMask = 2147483647;
			files = (
				53D16410191A629C00AD4C81 /* InfoPlist.strings in Resources */,
			);
			runOnlyForDeploymentPostprocessing = 0;
		};
/* End PBXResourcesBuildPhase section */

/* Begin PBXSourcesBuildPhase section */
		53D163DC191A629C00AD4C81 /* Sources */ = {
			isa = PBXSourcesBuildPhase;
			buildActionMask = 2147483647;
			files = (
				53D163FD191A629C00AD4C81 /* ViewController.m in Sources */,
				53D163F4191A629C00AD4C81 /* AppDelegate.m in Sources */,
				53ECB16C191FBB6000BEB29D /* NSString+SSN.m in Sources */,
				53ECB16D191FBB6000BEB29D /* SSNMeta.m in Sources */,
				53D163F0191A629C00AD4C81 /* main.m in Sources */,
				53ECB16E191FBB6000BEB29D /* SSNModel.m in Sources */,
				53123F98191D25E10012A900 /* TestModel.m in Sources */,
			);
			runOnlyForDeploymentPostprocessing = 0;
		};
		53D16400191A629C00AD4C81 /* Sources */ = {
			isa = PBXSourcesBuildPhase;
			buildActionMask = 2147483647;
			files = (
				53D16412191A629C00AD4C81 /* ssnTests.m in Sources */,
			);
			runOnlyForDeploymentPostprocessing = 0;
		};
/* End PBXSourcesBuildPhase section */

/* Begin PBXTargetDependency section */
		53D1640A191A629C00AD4C81 /* PBXTargetDependency */ = {
			isa = PBXTargetDependency;
			target = 53D163DF191A629C00AD4C81 /* ssn */;
			targetProxy = 53D16409191A629C00AD4C81 /* PBXContainerItemProxy */;
		};
/* End PBXTargetDependency section */

/* Begin PBXVariantGroup section */
		53D163EC191A629C00AD4C81 /* InfoPlist.strings */ = {
			isa = PBXVariantGroup;
			children = (
				53D163ED191A629C00AD4C81 /* en */,
			);
			name = InfoPlist.strings;
			sourceTree = "<group>";
		};
		53D1640E191A629C00AD4C81 /* InfoPlist.strings */ = {
			isa = PBXVariantGroup;
			children = (
				53D1640F191A629C00AD4C81 /* en */,
			);
			name = InfoPlist.strings;
			sourceTree = "<group>";
		};
/* End PBXVariantGroup section */

/* Begin XCBuildConfiguration section */
		53D16413191A629C00AD4C81 /* Debug */ = {
			isa = XCBuildConfiguration;
			buildSettings = {
				ALWAYS_SEARCH_USER_PATHS = NO;
				CLANG_CXX_LANGUAGE_STANDARD = "gnu++0x";
				CLANG_CXX_LIBRARY = "libc++";
				CLANG_ENABLE_MODULES = YES;
				CLANG_ENABLE_OBJC_ARC = YES;
				CLANG_WARN_BOOL_CONVERSION = YES;
				CLANG_WARN_CONSTANT_CONVERSION = YES;
				CLANG_WARN_DIRECT_OBJC_ISA_USAGE = YES_ERROR;
				CLANG_WARN_EMPTY_BODY = YES;
				CLANG_WARN_ENUM_CONVERSION = YES;
				CLANG_WARN_INT_CONVERSION = YES;
				CLANG_WARN_OBJC_ROOT_CLASS = YES_ERROR;
				CLANG_WARN__DUPLICATE_METHOD_MATCH = YES;
				"CODE_SIGN_IDENTITY[sdk=iphoneos*]" = "iPhone Developer";
				COPY_PHASE_STRIP = NO;
				GCC_C_LANGUAGE_STANDARD = gnu99;
				GCC_DYNAMIC_NO_PIC = NO;
				GCC_OPTIMIZATION_LEVEL = 0;
				GCC_PREPROCESSOR_DEFINITIONS = (
					"DEBUG=1",
					"$(inherited)",
				);
				GCC_SYMBOLS_PRIVATE_EXTERN = NO;
				GCC_WARN_64_TO_32_BIT_CONVERSION = YES;
				GCC_WARN_ABOUT_RETURN_TYPE = YES_ERROR;
				GCC_WARN_UNDECLARED_SELECTOR = YES;
				GCC_WARN_UNINITIALIZED_AUTOS = YES_AGGRESSIVE;
				GCC_WARN_UNUSED_FUNCTION = YES;
				GCC_WARN_UNUSED_VARIABLE = YES;
				IPHONEOS_DEPLOYMENT_TARGET = 7.1;
				ONLY_ACTIVE_ARCH = YES;
				SDKROOT = iphoneos;
				TARGETED_DEVICE_FAMILY = "1,2";
			};
			name = Debug;
		};
		53D16414191A629C00AD4C81 /* Release */ = {
			isa = XCBuildConfiguration;
			buildSettings = {
				ALWAYS_SEARCH_USER_PATHS = NO;
				CLANG_CXX_LANGUAGE_STANDARD = "gnu++0x";
				CLANG_CXX_LIBRARY = "libc++";
				CLANG_ENABLE_MODULES = YES;
				CLANG_ENABLE_OBJC_ARC = YES;
				CLANG_WARN_BOOL_CONVERSION = YES;
				CLANG_WARN_CONSTANT_CONVERSION = YES;
				CLANG_WARN_DIRECT_OBJC_ISA_USAGE = YES_ERROR;
				CLANG_WARN_EMPTY_BODY = YES;
				CLANG_WARN_ENUM_CONVERSION = YES;
				CLANG_WARN_INT_CONVERSION = YES;
				CLANG_WARN_OBJC_ROOT_CLASS = YES_ERROR;
				CLANG_WARN__DUPLICATE_METHOD_MATCH = YES;
				"CODE_SIGN_IDENTITY[sdk=iphoneos*]" = "iPhone Developer";
				COPY_PHASE_STRIP = YES;
				ENABLE_NS_ASSERTIONS = NO;
				GCC_C_LANGUAGE_STANDARD = gnu99;
				GCC_WARN_64_TO_32_BIT_CONVERSION = YES;
				GCC_WARN_ABOUT_RETURN_TYPE = YES_ERROR;
				GCC_WARN_UNDECLARED_SELECTOR = YES;
				GCC_WARN_UNINITIALIZED_AUTOS = YES_AGGRESSIVE;
				GCC_WARN_UNUSED_FUNCTION = YES;
				GCC_WARN_UNUSED_VARIABLE = YES;
				IPHONEOS_DEPLOYMENT_TARGET = 7.1;
				SDKROOT = iphoneos;
				TARGETED_DEVICE_FAMILY = "1,2";
				VALIDATE_PRODUCT = YES;
			};
			name = Release;
		};
		53D16416191A629C00AD4C81 /* Debug */ = {
			isa = XCBuildConfiguration;
			buildSettings = {
				ASSETCATALOG_COMPILER_APPICON_NAME = AppIcon;
				ASSETCATALOG_COMPILER_LAUNCHIMAGE_NAME = LaunchImage;
				GCC_PRECOMPILE_PREFIX_HEADER = YES;
				GCC_PREFIX_HEADER = "ssn/ssn-Prefix.pch";
				INFOPLIST_FILE = "ssn/ssn-Info.plist";
				PRODUCT_NAME = "$(TARGET_NAME)";
				WRAPPER_EXTENSION = app;
			};
			name = Debug;
		};
		53D16417191A629C00AD4C81 /* Release */ = {
			isa = XCBuildConfiguration;
			buildSettings = {
				ASSETCATALOG_COMPILER_APPICON_NAME = AppIcon;
				ASSETCATALOG_COMPILER_LAUNCHIMAGE_NAME = LaunchImage;
				GCC_PRECOMPILE_PREFIX_HEADER = YES;
				GCC_PREFIX_HEADER = "ssn/ssn-Prefix.pch";
				INFOPLIST_FILE = "ssn/ssn-Info.plist";
				PRODUCT_NAME = "$(TARGET_NAME)";
				WRAPPER_EXTENSION = app;
			};
			name = Release;
		};
		53D16419191A629C00AD4C81 /* Debug */ = {
			isa = XCBuildConfiguration;
			buildSettings = {
				BUNDLE_LOADER = "$(BUILT_PRODUCTS_DIR)/ssn.app/ssn";
				FRAMEWORK_SEARCH_PATHS = (
					"$(SDKROOT)/Developer/Library/Frameworks",
					"$(inherited)",
					"$(DEVELOPER_FRAMEWORKS_DIR)",
				);
				GCC_PRECOMPILE_PREFIX_HEADER = YES;
				GCC_PREFIX_HEADER = "ssn/ssn-Prefix.pch";
				GCC_PREPROCESSOR_DEFINITIONS = (
					"DEBUG=1",
					"$(inherited)",
				);
				INFOPLIST_FILE = "ssnTests/ssnTests-Info.plist";
				PRODUCT_NAME = "$(TARGET_NAME)";
				TEST_HOST = "$(BUNDLE_LOADER)";
				WRAPPER_EXTENSION = xctest;
			};
			name = Debug;
		};
		53D1641A191A629C00AD4C81 /* Release */ = {
			isa = XCBuildConfiguration;
			buildSettings = {
				BUNDLE_LOADER = "$(BUILT_PRODUCTS_DIR)/ssn.app/ssn";
				FRAMEWORK_SEARCH_PATHS = (
					"$(SDKROOT)/Developer/Library/Frameworks",
					"$(inherited)",
					"$(DEVELOPER_FRAMEWORKS_DIR)",
				);
				GCC_PRECOMPILE_PREFIX_HEADER = YES;
				GCC_PREFIX_HEADER = "ssn/ssn-Prefix.pch";
				INFOPLIST_FILE = "ssnTests/ssnTests-Info.plist";
				PRODUCT_NAME = "$(TARGET_NAME)";
				TEST_HOST = "$(BUNDLE_LOADER)";
				WRAPPER_EXTENSION = xctest;
			};
			name = Release;
		};
/* End XCBuildConfiguration section */

/* Begin XCConfigurationList section */
		53D163DB191A629C00AD4C81 /* Build configuration list for PBXProject "ssn" */ = {
			isa = XCConfigurationList;
			buildConfigurations = (
				53D16413191A629C00AD4C81 /* Debug */,
				53D16414191A629C00AD4C81 /* Release */,
			);
			defaultConfigurationIsVisible = 0;
			defaultConfigurationName = Release;
		};
		53D16415191A629C00AD4C81 /* Build configuration list for PBXNativeTarget "ssn" */ = {
			isa = XCConfigurationList;
			buildConfigurations = (
				53D16416191A629C00AD4C81 /* Debug */,
				53D16417191A629C00AD4C81 /* Release */,
			);
			defaultConfigurationIsVisible = 0;
			defaultConfigurationName = Release;
		};
		53D16418191A629C00AD4C81 /* Build configuration list for PBXNativeTarget "ssnTests" */ = {
			isa = XCConfigurationList;
			buildConfigurations = (
				53D16419191A629C00AD4C81 /* Debug */,
				53D1641A191A629C00AD4C81 /* Release */,
			);
			defaultConfigurationIsVisible = 0;
			defaultConfigurationName = Release;
		};
/* End XCConfigurationList section */
	};
	rootObject = 53D163D8191A629C00AD4C81 /* Project object */;
}
